
Microsoft Visual Studio Solution File, Format Version 12.00
# Visual Studio Version 17
VisualStudioVersion = 17.9.34607.119
MinimumVisualStudioVersion = 10.0.40219.1
Project("{FAE04EC0-301F-11D3-BF4B-00C04F79EFBC}") = "Mission8_0215", "Mission8_0215\Mission8_0215.csproj", "{6D41DD8E-075A-44D1-9041-33B018BC8322}"
EndProject
Global
	GlobalSection(SolutionConfigurationPlatforms) = preSolution
		Debug|Any CPU = Debug|Any CPU
		Release|Any CPU = Release|Any CPU
	EndGlobalSection
	GlobalSection(ProjectConfigurationPlatforms) = postSolution
		{6D41DD8E-075A-44D1-9041-33B018BC8322}.Debug|Any CPU.ActiveCfg = Debug|Any CPU
		{6D41DD8E-075A-44D1-9041-33B018BC8322}.Debug|Any CPU.Build.0 = Debug|Any CPU
		{6D41DD8E-075A-44D1-9041-33B018BC8322}.Release|Any CPU.ActiveCfg = Release|Any CPU
		{6D41DD8E-075A-44D1-9041-33B018BC8322}.Release|Any CPU.Build.0 = Release|Any CPU
	EndGlobalSection
	GlobalSection(SolutionProperties) = preSolution
		HideSolutionNode = FALSE
	EndGlobalSection
	GlobalSection(ExtensibilityGlobals) = postSolution
		SolutionGuid = {B2CFF38E-2ADA-47F6-BA49-72C958E19921}
	EndGlobalSection
EndGlobal
